
Microsoft Visual Studio Solution File, Format Version 12.00
# Visual Studio Version 17
VisualStudioVersion = 17.14.36221.1 d17.14
MinimumVisualStudioVersion = 10.0.40219.1
Project("{FAE04EC0-301F-11D3-BF4B-00C04F79EFBC}") = "Hogar.Core.Shared", "Hogar.Core.Shared\Hogar.Core.Shared.csproj", "{CD4D9330-4336-427A-21EF-B41A64C83717}"
EndProject
Project("{FAE04EC0-301F-11D3-BF4B-00C04F79EFBC}") = "Hogar.Core.Shared.Tests", "Hogar.Core.Shared.Tests\Hogar.Core.Shared.Tests.csproj", "{38CA5FA2-6326-C027-7726-ABF08EBF1883}"
EndProject
Global
	GlobalSection(SolutionConfigurationPlatforms) = preSolution
		Debug|Any CPU = Debug|Any CPU
		Release|Any CPU = Release|Any CPU
	EndGlobalSection
	GlobalSection(ProjectConfigurationPlatforms) = postSolution
		{CD4D9330-4336-427A-21EF-B41A64C83717}.Debug|Any CPU.ActiveCfg = Debug|Any CPU
		{CD4D9330-4336-427A-21EF-B41A64C83717}.Debug|Any CPU.Build.0 = Debug|Any CPU
		{CD4D9330-4336-427A-21EF-B41A64C83717}.Release|Any CPU.ActiveCfg = Release|Any CPU
		{CD4D9330-4336-427A-21EF-B41A64C83717}.Release|Any CPU.Build.0 = Release|Any CPU
		{38CA5FA2-6326-C027-7726-ABF08EBF1883}.Debug|Any CPU.ActiveCfg = Debug|Any CPU
		{38CA5FA2-6326-C027-7726-ABF08EBF1883}.Debug|Any CPU.Build.0 = Debug|Any CPU
		{38CA5FA2-6326-C027-7726-ABF08EBF1883}.Release|Any CPU.ActiveCfg = Release|Any CPU
		{38CA5FA2-6326-C027-7726-ABF08EBF1883}.Release|Any CPU.Build.0 = Release|Any CPU
	EndGlobalSection
	GlobalSection(SolutionProperties) = preSolution
		HideSolutionNode = FALSE
	EndGlobalSection
	GlobalSection(ExtensibilityGlobals) = postSolution
		SolutionGuid = {D2FB5EA7-6AD5-4C7C-B6B3-9350EE5BD30F}
	EndGlobalSection
EndGlobal
